
Microsoft Visual Studio Solution File, Format Version 12.00
# Visual Studio Version 16
VisualStudioVersion = 16.0.810.21
MinimumVisualStudioVersion = 10.0.40219.1
Project("{FAE04EC0-301F-11D3-BF4B-00C04F79EFBC}") = "CulinaryBlog.API", "CulinaryBlog.API\CulinaryBlog.API.csproj", "{C8F22682-FDC3-4EEA-AC87-DC1A4B3FD4BF}"
EndProject
Project("{FAE04EC0-301F-11D3-BF4B-00C04F79EFBC}") = "CulinaryBlog.Domain", "CulinaryBlog.Domain\CulinaryBlog.Domain.csproj", "{EB4DAFF0-5DB1-4EB8-AFF8-A52FE93FE762}"
EndProject
Project("{FAE04EC0-301F-11D3-BF4B-00C04F79EFBC}") = "CulinaryBlog.Infrastructure", "CulinaryBlog.Infrastructure\CulinaryBlog.Infrastructure.csproj", "{53C7CA54-A374-451A-B5DB-0B1B347DE477}"
EndProject
Global
	GlobalSection(SolutionConfigurationPlatforms) = preSolution
		Debug|Any CPU = Debug|Any CPU
		Release|Any CPU = Release|Any CPU
	EndGlobalSection
	GlobalSection(ProjectConfigurationPlatforms) = postSolution
		{C8F22682-FDC3-4EEA-AC87-DC1A4B3FD4BF}.Debug|Any CPU.ActiveCfg = Debug|Any CPU
		{C8F22682-FDC3-4EEA-AC87-DC1A4B3FD4BF}.Debug|Any CPU.Build.0 = Debug|Any CPU
		{C8F22682-FDC3-4EEA-AC87-DC1A4B3FD4BF}.Release|Any CPU.ActiveCfg = Release|Any CPU
		{C8F22682-FDC3-4EEA-AC87-DC1A4B3FD4BF}.Release|Any CPU.Build.0 = Release|Any CPU
		{EB4DAFF0-5DB1-4EB8-AFF8-A52FE93FE762}.Debug|Any CPU.ActiveCfg = Debug|Any CPU
		{EB4DAFF0-5DB1-4EB8-AFF8-A52FE93FE762}.Debug|Any CPU.Build.0 = Debug|Any CPU
		{EB4DAFF0-5DB1-4EB8-AFF8-A52FE93FE762}.Release|Any CPU.ActiveCfg = Release|Any CPU
		{EB4DAFF0-5DB1-4EB8-AFF8-A52FE93FE762}.Release|Any CPU.Build.0 = Release|Any CPU
		{53C7CA54-A374-451A-B5DB-0B1B347DE477}.Debug|Any CPU.ActiveCfg = Debug|Any CPU
		{53C7CA54-A374-451A-B5DB-0B1B347DE477}.Debug|Any CPU.Build.0 = Debug|Any CPU
		{53C7CA54-A374-451A-B5DB-0B1B347DE477}.Release|Any CPU.ActiveCfg = Release|Any CPU
		{53C7CA54-A374-451A-B5DB-0B1B347DE477}.Release|Any CPU.Build.0 = Release|Any CPU
	EndGlobalSection
	GlobalSection(SolutionProperties) = preSolution
		HideSolutionNode = FALSE
	EndGlobalSection
	GlobalSection(ExtensibilityGlobals) = postSolution
		SolutionGuid = {2F827D4F-9E5C-412E-9E98-8EBB9B097DC2}
	EndGlobalSection
EndGlobal
